{
  "requires": true,
  "lockfileVersion": 1,
  "dependencies": {
    "js-polynomial-regression": {
      "version": "0.9.1",
      "resolved": "https://registry.npmjs.org/js-polynomial-regression/-/js-polynomial-regression-0.9.1.tgz",
      "integrity": "sha512-D+eWJpP8tS3bMSLuMjOxI3qf7gNW1tu9vfST8o/mUNoR/JKIjLNRytdqf7dWi73unyCTKyHq20nyor8hWN5xNw=="
    }
  }
}
